
Microsoft Visual Studio Solution File, Format Version 12.00
# Visual Studio Version 17
VisualStudioVersion = 17.0.31903.59
MinimumVisualStudioVersion = 10.0.40219.1
Project("{2150E333-8FDC-42A3-9474-1A3956D46DE8}") = "App", "App", "{220AF92D-9C3B-4F85-83B7-737A97310A70}"
EndProject
Project("{2150E333-8FDC-42A3-9474-1A3956D46DE8}") = "Lib", "Lib", "{52FE2C49-C3CB-4395-8971-7173C28DF3D3}"
EndProject
Project("{2150E333-8FDC-42A3-9474-1A3956D46DE8}") = "Tests", "Tests", "{ABB69252-650F-44C2-84BA-FA9F0434CABB}"
EndProject
Project("{9A19103F-16F7-4668-BE54-9A1E7A4F7556}") = "VivLib", "Lib\VivLib\VivLib.csproj", "{3F6EDE6B-5E18-47C9-9DCF-1EBB97EBCEB1}"
EndProject
Project("{9A19103F-16F7-4668-BE54-9A1E7A4F7556}") = "VivLib.Tests", "Tests\VivLib.Tests\VivLib.Tests.csproj", "{E620382E-1CA6-4F30-99AA-1D7B51843663}"
EndProject
Project("{2150E333-8FDC-42A3-9474-1A3956D46DE8}") = "Solution items", "Solution items", "{AAF57B47-04C2-436C-91CF-CA1611C72A56}"
	ProjectSection(SolutionItems) = preProject
		..\LICENSE = ..\LICENSE
		..\README.md = ..\README.md
	EndProjectSection
EndProject
Project("{2150E333-8FDC-42A3-9474-1A3956D46DE8}") = "Build", "Build", "{C65EEDF9-0906-4C86-B4B6-CD54467C281A}"
EndProject
Project("{2150E333-8FDC-42A3-9474-1A3956D46DE8}") = "src", "src", "{09298981-A223-4DB9-8B65-DAE30C4FA28B}"
	ProjectSection(SolutionItems) = preProject
		Directory.Build.props = Directory.Build.props
		Directory.Build.targets = Directory.Build.targets
	EndProjectSection
EndProject
Project("{2150E333-8FDC-42A3-9474-1A3956D46DE8}") = "Targets", "Targets", "{AC3B9F83-5BE3-4EF8-B881-99E8B2F47881}"
	ProjectSection(SolutionItems) = preProject
		..\BuildTargets\BuildPaths.props = ..\BuildTargets\BuildPaths.props
		..\BuildTargets\Cleanup.targets = ..\BuildTargets\Cleanup.targets
		..\BuildTargets\CompileOptions.targets = ..\BuildTargets\CompileOptions.targets
		..\BuildTargets\GlobalDirectives.props = ..\BuildTargets\GlobalDirectives.props
		..\BuildTargets\PackageInfo.props = ..\BuildTargets\PackageInfo.props
		..\BuildTargets\PackageVersion.props = ..\BuildTargets\PackageVersion.props
	EndProjectSection
EndProject
Project("{2150E333-8FDC-42A3-9474-1A3956D46DE8}") = "docs", "docs", "{7FDC379A-68DE-46ED-821E-9BB814F241F8}"
	ProjectSection(SolutionItems) = preProject
		..\docs\BUILDING.md = ..\docs\BUILDING.md
		..\docs\OldOS.md = ..\docs\OldOS.md
	EndProjectSection
EndProject
Project("{FAE04EC0-301F-11D3-BF4B-00C04F79EFBC}") = "Vivcli", "App\Vivcli\Vivcli.csproj", "{97EDB4BF-D005-42FA-A8E4-4455A493891E}"
EndProject
Project("{FAE04EC0-301F-11D3-BF4B-00C04F79EFBC}") = "Vivianne.Common", "App\Vivianne.Common\Vivianne.Common.csproj", "{DAEB8603-3B61-42D9-93D5-15C5F49BDBCA}"
EndProject
Project("{FAE04EC0-301F-11D3-BF4B-00C04F79EFBC}") = "Vivianne", "App\Vivianne\Vivianne.csproj", "{F437471B-90CD-4218-9FA9-8F73C43C0CB3}"
EndProject
Project("{FAE04EC0-301F-11D3-BF4B-00C04F79EFBC}") = "Vivianne.Avalonia", "App\Vivianne.Avalonia\Vivianne.Avalonia.csproj", "{6934E280-1C92-4478-BFE0-1EEAF178C4AB}"
EndProject
Global
	GlobalSection(SolutionConfigurationPlatforms) = preSolution
		Debug|Any CPU = Debug|Any CPU
		Release|Any CPU = Release|Any CPU
	EndGlobalSection
	GlobalSection(ProjectConfigurationPlatforms) = postSolution
		{3F6EDE6B-5E18-47C9-9DCF-1EBB97EBCEB1}.Debug|Any CPU.ActiveCfg = Debug|Any CPU
		{3F6EDE6B-5E18-47C9-9DCF-1EBB97EBCEB1}.Debug|Any CPU.Build.0 = Debug|Any CPU
		{3F6EDE6B-5E18-47C9-9DCF-1EBB97EBCEB1}.Release|Any CPU.ActiveCfg = Release|Any CPU
		{3F6EDE6B-5E18-47C9-9DCF-1EBB97EBCEB1}.Release|Any CPU.Build.0 = Release|Any CPU
		{E620382E-1CA6-4F30-99AA-1D7B51843663}.Debug|Any CPU.ActiveCfg = Debug|Any CPU
		{E620382E-1CA6-4F30-99AA-1D7B51843663}.Debug|Any CPU.Build.0 = Debug|Any CPU
		{E620382E-1CA6-4F30-99AA-1D7B51843663}.Release|Any CPU.ActiveCfg = Release|Any CPU
		{E620382E-1CA6-4F30-99AA-1D7B51843663}.Release|Any CPU.Build.0 = Release|Any CPU
		{97EDB4BF-D005-42FA-A8E4-4455A493891E}.Debug|Any CPU.ActiveCfg = Debug|Any CPU
		{97EDB4BF-D005-42FA-A8E4-4455A493891E}.Debug|Any CPU.Build.0 = Debug|Any CPU
		{97EDB4BF-D005-42FA-A8E4-4455A493891E}.Release|Any CPU.ActiveCfg = Release|Any CPU
		{97EDB4BF-D005-42FA-A8E4-4455A493891E}.Release|Any CPU.Build.0 = Release|Any CPU
		{DAEB8603-3B61-42D9-93D5-15C5F49BDBCA}.Debug|Any CPU.ActiveCfg = Debug|Any CPU
		{DAEB8603-3B61-42D9-93D5-15C5F49BDBCA}.Debug|Any CPU.Build.0 = Debug|Any CPU
		{DAEB8603-3B61-42D9-93D5-15C5F49BDBCA}.Release|Any CPU.ActiveCfg = Release|Any CPU
		{DAEB8603-3B61-42D9-93D5-15C5F49BDBCA}.Release|Any CPU.Build.0 = Release|Any CPU
		{F437471B-90CD-4218-9FA9-8F73C43C0CB3}.Debug|Any CPU.ActiveCfg = Debug|Any CPU
		{F437471B-90CD-4218-9FA9-8F73C43C0CB3}.Debug|Any CPU.Build.0 = Debug|Any CPU
		{F437471B-90CD-4218-9FA9-8F73C43C0CB3}.Release|Any CPU.ActiveCfg = Release|Any CPU
		{F437471B-90CD-4218-9FA9-8F73C43C0CB3}.Release|Any CPU.Build.0 = Release|Any CPU
		{6934E280-1C92-4478-BFE0-1EEAF178C4AB}.Debug|Any CPU.ActiveCfg = Debug|Any CPU
		{6934E280-1C92-4478-BFE0-1EEAF178C4AB}.Debug|Any CPU.Build.0 = Debug|Any CPU
		{6934E280-1C92-4478-BFE0-1EEAF178C4AB}.Release|Any CPU.ActiveCfg = Release|Any CPU
		{6934E280-1C92-4478-BFE0-1EEAF178C4AB}.Release|Any CPU.Build.0 = Release|Any CPU
	EndGlobalSection
	GlobalSection(SolutionProperties) = preSolution
		HideSolutionNode = FALSE
	EndGlobalSection
	GlobalSection(NestedProjects) = preSolution
		{3F6EDE6B-5E18-47C9-9DCF-1EBB97EBCEB1} = {52FE2C49-C3CB-4395-8971-7173C28DF3D3}
		{E620382E-1CA6-4F30-99AA-1D7B51843663} = {ABB69252-650F-44C2-84BA-FA9F0434CABB}
		{C65EEDF9-0906-4C86-B4B6-CD54467C281A} = {AAF57B47-04C2-436C-91CF-CA1611C72A56}
		{09298981-A223-4DB9-8B65-DAE30C4FA28B} = {C65EEDF9-0906-4C86-B4B6-CD54467C281A}
		{AC3B9F83-5BE3-4EF8-B881-99E8B2F47881} = {C65EEDF9-0906-4C86-B4B6-CD54467C281A}
		{7FDC379A-68DE-46ED-821E-9BB814F241F8} = {AAF57B47-04C2-436C-91CF-CA1611C72A56}
		{97EDB4BF-D005-42FA-A8E4-4455A493891E} = {220AF92D-9C3B-4F85-83B7-737A97310A70}
		{DAEB8603-3B61-42D9-93D5-15C5F49BDBCA} = {220AF92D-9C3B-4F85-83B7-737A97310A70}
		{F437471B-90CD-4218-9FA9-8F73C43C0CB3} = {220AF92D-9C3B-4F85-83B7-737A97310A70}
		{6934E280-1C92-4478-BFE0-1EEAF178C4AB} = {220AF92D-9C3B-4F85-83B7-737A97310A70}
	EndGlobalSection
	GlobalSection(ExtensibilityGlobals) = postSolution
		SolutionGuid = {15D53ED9-24BB-437A-BDCA-C1DAAED01CCD}
	EndGlobalSection
EndGlobal
